
Microsoft Visual Studio Solution File, Format Version 12.00
# Visual Studio Version 17
VisualStudioVersion = 17.1.31903.286
MinimumVisualStudioVersion = 10.0.40219.1
Project("{FAE04EC0-301F-11D3-BF4B-00C04F79EFBC}") = "SingletonPatternSample", "SingletonPatternSample.csproj", "{8BF22EA7-2865-4A63-A61C-AFFF7CB541C5}"
EndProject
Global
	GlobalSection(SolutionConfigurationPlatforms) = preSolution
		Debug|Any CPU = Debug|Any CPU
		Release|Any CPU = Release|Any CPU
	EndGlobalSection
	GlobalSection(ProjectConfigurationPlatforms) = postSolution
		{8BF22EA7-2865-4A63-A61C-AFFF7CB541C5}.Debug|Any CPU.ActiveCfg = Debug|Any CPU
		{8BF22EA7-2865-4A63-A61C-AFFF7CB541C5}.Debug|Any CPU.Build.0 = Debug|Any CPU
		{8BF22EA7-2865-4A63-A61C-AFFF7CB541C5}.Release|Any CPU.ActiveCfg = Release|Any CPU
		{8BF22EA7-2865-4A63-A61C-AFFF7CB541C5}.Release|Any CPU.Build.0 = Release|Any CPU
	EndGlobalSection
	GlobalSection(SolutionProperties) = preSolution
		HideSolutionNode = FALSE
	EndGlobalSection
	GlobalSection(ExtensibilityGlobals) = postSolution
		SolutionGuid = {9027FA15-CB9F-471E-AB87-A3264B1F2B08}
	EndGlobalSection
EndGlobal
